
Microsoft Visual Studio Solution File, Format Version 12.00
# Visual Studio Version 16
VisualStudioVersion = 16.0.29215.179
MinimumVisualStudioVersion = 10.0.40219.1
Project("{FAE04EC0-301F-11D3-BF4B-00C04F79EFBC}") = "circustrein", "circustrein\circustrein.csproj", "{C97DF9EF-6648-401E-827A-AFF7855B16BE}"
EndProject
Global
	GlobalSection(SolutionConfigurationPlatforms) = preSolution
		Debug|Any CPU = Debug|Any CPU
		Release|Any CPU = Release|Any CPU
	EndGlobalSection
	GlobalSection(ProjectConfigurationPlatforms) = postSolution
		{C97DF9EF-6648-401E-827A-AFF7855B16BE}.Debug|Any CPU.ActiveCfg = Debug|Any CPU
		{C97DF9EF-6648-401E-827A-AFF7855B16BE}.Debug|Any CPU.Build.0 = Debug|Any CPU
		{C97DF9EF-6648-401E-827A-AFF7855B16BE}.Release|Any CPU.ActiveCfg = Release|Any CPU
		{C97DF9EF-6648-401E-827A-AFF7855B16BE}.Release|Any CPU.Build.0 = Release|Any CPU
	EndGlobalSection
	GlobalSection(SolutionProperties) = preSolution
		HideSolutionNode = FALSE
	EndGlobalSection
	GlobalSection(ExtensibilityGlobals) = postSolution
		SolutionGuid = {27485EE7-9288-4594-9F4F-09031D2FD5D5}
	EndGlobalSection
EndGlobal
